
Microsoft Visual Studio Solution File, Format Version 12.00
# Visual Studio Version 16
VisualStudioVersion = 16.0.31402.337
MinimumVisualStudioVersion = 10.0.40219.1
Project("{FAE04EC0-301F-11D3-BF4B-00C04F79EFBC}") = "WebApplication1", "WebApplication1\WebApplication1.csproj", "{ECF83E43-F4FD-4A79-B014-4B1AA538AAC0}"
EndProject
Global
	GlobalSection(SolutionConfigurationPlatforms) = preSolution
		Debug|Any CPU = Debug|Any CPU
		Release|Any CPU = Release|Any CPU
	EndGlobalSection
	GlobalSection(ProjectConfigurationPlatforms) = postSolution
		{ECF83E43-F4FD-4A79-B014-4B1AA538AAC0}.Debug|Any CPU.ActiveCfg = Debug|Any CPU
		{ECF83E43-F4FD-4A79-B014-4B1AA538AAC0}.Debug|Any CPU.Build.0 = Debug|Any CPU
		{ECF83E43-F4FD-4A79-B014-4B1AA538AAC0}.Release|Any CPU.ActiveCfg = Release|Any CPU
		{ECF83E43-F4FD-4A79-B014-4B1AA538AAC0}.Release|Any CPU.Build.0 = Release|Any CPU
	EndGlobalSection
	GlobalSection(SolutionProperties) = preSolution
		HideSolutionNode = FALSE
	EndGlobalSection
	GlobalSection(ExtensibilityGlobals) = postSolution
		SolutionGuid = {AC6B2CEE-5A1D-4F0F-8824-E5020CB5D486}
	EndGlobalSection
EndGlobal
